
Microsoft Visual Studio Solution File, Format Version 12.00
# Visual Studio 15
VisualStudioVersion = 15.0.27130.2024
MinimumVisualStudioVersion = 10.0.40219.1
Project("{FAE04EC0-301F-11D3-BF4B-00C04F79EFBC}") = "TemperatureStone", "TemperatureStone\TemperatureStone.csproj", "{FD80C71A-96AD-4E9C-9D4E-ED463D9110C9}"
EndProject
Project("{FAE04EC0-301F-11D3-BF4B-00C04F79EFBC}") = "TemperatureStone.Tests", "TemperatureStone.Tests\TemperatureStone.Tests.csproj", "{096ABDDB-3B0C-43A7-8815-E443D9A5DB21}"
EndProject
Global
	GlobalSection(SolutionConfigurationPlatforms) = preSolution
		Debug|Any CPU = Debug|Any CPU
		Release|Any CPU = Release|Any CPU
	EndGlobalSection
	GlobalSection(ProjectConfigurationPlatforms) = postSolution
		{FD80C71A-96AD-4E9C-9D4E-ED463D9110C9}.Debug|Any CPU.ActiveCfg = Debug|Any CPU
		{FD80C71A-96AD-4E9C-9D4E-ED463D9110C9}.Debug|Any CPU.Build.0 = Debug|Any CPU
		{FD80C71A-96AD-4E9C-9D4E-ED463D9110C9}.Release|Any CPU.ActiveCfg = Release|Any CPU
		{FD80C71A-96AD-4E9C-9D4E-ED463D9110C9}.Release|Any CPU.Build.0 = Release|Any CPU
		{096ABDDB-3B0C-43A7-8815-E443D9A5DB21}.Debug|Any CPU.ActiveCfg = Debug|Any CPU
		{096ABDDB-3B0C-43A7-8815-E443D9A5DB21}.Debug|Any CPU.Build.0 = Debug|Any CPU
		{096ABDDB-3B0C-43A7-8815-E443D9A5DB21}.Release|Any CPU.ActiveCfg = Release|Any CPU
		{096ABDDB-3B0C-43A7-8815-E443D9A5DB21}.Release|Any CPU.Build.0 = Release|Any CPU
	EndGlobalSection
	GlobalSection(SolutionProperties) = preSolution
		HideSolutionNode = FALSE
	EndGlobalSection
	GlobalSection(ExtensibilityGlobals) = postSolution
		SolutionGuid = {BFB86ABC-AD54-451A-86EA-7ADABECAED18}
	EndGlobalSection
EndGlobal
